
Microsoft Visual Studio Solution File, Format Version 12.00
# Visual Studio 15
VisualStudioVersion = 15.0.26124.0
MinimumVisualStudioVersion = 15.0.26124.0
Project("{9A19103F-16F7-4668-BE54-9A1E7A4F7556}") = "WebApiSearchMethod", "src\WebApiSearchMethod\WebApiSearchMethod.csproj", "{0A212FE9-EE9E-42FB-8DEB-B7AAD2CD1B82}"
EndProject
Global
	GlobalSection(SolutionConfigurationPlatforms) = preSolution
		Debug|Any CPU = Debug|Any CPU
		Debug|x64 = Debug|x64
		Debug|x86 = Debug|x86
		Release|Any CPU = Release|Any CPU
		Release|x64 = Release|x64
		Release|x86 = Release|x86
	EndGlobalSection
	GlobalSection(ProjectConfigurationPlatforms) = postSolution
		{0A212FE9-EE9E-42FB-8DEB-B7AAD2CD1B82}.Debug|Any CPU.ActiveCfg = Debug|Any CPU
		{0A212FE9-EE9E-42FB-8DEB-B7AAD2CD1B82}.Debug|Any CPU.Build.0 = Debug|Any CPU
		{0A212FE9-EE9E-42FB-8DEB-B7AAD2CD1B82}.Debug|x64.ActiveCfg = Debug|Any CPU
		{0A212FE9-EE9E-42FB-8DEB-B7AAD2CD1B82}.Debug|x64.Build.0 = Debug|Any CPU
		{0A212FE9-EE9E-42FB-8DEB-B7AAD2CD1B82}.Debug|x86.ActiveCfg = Debug|Any CPU
		{0A212FE9-EE9E-42FB-8DEB-B7AAD2CD1B82}.Debug|x86.Build.0 = Debug|Any CPU
		{0A212FE9-EE9E-42FB-8DEB-B7AAD2CD1B82}.Release|Any CPU.ActiveCfg = Release|Any CPU
		{0A212FE9-EE9E-42FB-8DEB-B7AAD2CD1B82}.Release|Any CPU.Build.0 = Release|Any CPU
		{0A212FE9-EE9E-42FB-8DEB-B7AAD2CD1B82}.Release|x64.ActiveCfg = Release|Any CPU
		{0A212FE9-EE9E-42FB-8DEB-B7AAD2CD1B82}.Release|x64.Build.0 = Release|Any CPU
		{0A212FE9-EE9E-42FB-8DEB-B7AAD2CD1B82}.Release|x86.ActiveCfg = Release|Any CPU
		{0A212FE9-EE9E-42FB-8DEB-B7AAD2CD1B82}.Release|x86.Build.0 = Release|Any CPU
	EndGlobalSection
	GlobalSection(SolutionProperties) = preSolution
		HideSolutionNode = FALSE
	EndGlobalSection
	GlobalSection(ExtensibilityGlobals) = postSolution
		SolutionGuid = {7AA82D8C-070E-463F-B138-564787A86FAE}
	EndGlobalSection
EndGlobal
